
Microsoft Visual Studio Solution File, Format Version 12.00
Project("{FAE04EC0-301F-11D3-BF4B-00C04F79EFBC}") = "EldenRingStratagem", "EldenRingStratagem\EldenRingStratagem.csproj", "{885228F7-30B2-4D9D-B748-2CA17D26499C}"
EndProject
Global
	GlobalSection(SolutionConfigurationPlatforms) = preSolution
		Debug|Any CPU = Debug|Any CPU
		Release|Any CPU = Release|Any CPU
	EndGlobalSection
	GlobalSection(ProjectConfigurationPlatforms) = postSolution
		{885228F7-30B2-4D9D-B748-2CA17D26499C}.Debug|Any CPU.ActiveCfg = Debug|Any CPU
		{885228F7-30B2-4D9D-B748-2CA17D26499C}.Debug|Any CPU.Build.0 = Debug|Any CPU
		{885228F7-30B2-4D9D-B748-2CA17D26499C}.Release|Any CPU.ActiveCfg = Release|Any CPU
		{885228F7-30B2-4D9D-B748-2CA17D26499C}.Release|Any CPU.Build.0 = Release|Any CPU
	EndGlobalSection
EndGlobal
